
Microsoft Visual Studio Solution File, Format Version 12.00
# Visual Studio 15
VisualStudioVersion = 15.0.27703.2000
MinimumVisualStudioVersion = 10.0.40219.1
Project("{FAE04EC0-301F-11D3-BF4B-00C04F79EFBC}") = "PersonalWebsite", "PersonalWebsite\PersonalWebsite.csproj", "{A6AB59A8-D8DD-44CE-90E0-B7E99ED40CF9}"
EndProject
Global
	GlobalSection(SolutionConfigurationPlatforms) = preSolution
		Debug|Any CPU = Debug|Any CPU
		Release|Any CPU = Release|Any CPU
	EndGlobalSection
	GlobalSection(ProjectConfigurationPlatforms) = postSolution
		{A6AB59A8-D8DD-44CE-90E0-B7E99ED40CF9}.Debug|Any CPU.ActiveCfg = Debug|Any CPU
		{A6AB59A8-D8DD-44CE-90E0-B7E99ED40CF9}.Debug|Any CPU.Build.0 = Debug|Any CPU
		{A6AB59A8-D8DD-44CE-90E0-B7E99ED40CF9}.Release|Any CPU.ActiveCfg = Release|Any CPU
		{A6AB59A8-D8DD-44CE-90E0-B7E99ED40CF9}.Release|Any CPU.Build.0 = Release|Any CPU
	EndGlobalSection
	GlobalSection(SolutionProperties) = preSolution
		HideSolutionNode = FALSE
	EndGlobalSection
	GlobalSection(ExtensibilityGlobals) = postSolution
		SolutionGuid = {7B39C7F0-74A3-4641-A1C7-C0102F90050F}
	EndGlobalSection
EndGlobal
